
Microsoft Visual Studio Solution File, Format Version 12.00
# Visual Studio Version 17
VisualStudioVersion = 17.9.34723.18
MinimumVisualStudioVersion = 10.0.40219.1
Project("{9A19103F-16F7-4668-BE54-9A1E7A4F7556}") = "BulkyWeb", "BulkyWeb\BulkyWeb.csproj", "{27F91512-2F5C-4A12-8C9D-5A0BD625681A}"
EndProject
Project("{9A19103F-16F7-4668-BE54-9A1E7A4F7556}") = "BulkyBook.Models", "BulkyBook.Models\BulkyBook.Models.csproj", "{1FD82CE1-7E26-4752-B97E-F56A8A4FD217}"
EndProject
Project("{9A19103F-16F7-4668-BE54-9A1E7A4F7556}") = "BulkyBook.Utility", "BulkyBook.Utility\BulkyBook.Utility.csproj", "{5479007A-0A9E-4ECC-83A5-FF8977A651E6}"
EndProject
Project("{FAE04EC0-301F-11D3-BF4B-00C04F79EFBC}") = "BulkyBook.DataAccess", "BulkyBook.DataAccess\BulkyBook.DataAccess.csproj", "{9078421D-E494-4776-AC33-C8A2F1591838}"
EndProject
Global
	GlobalSection(SolutionConfigurationPlatforms) = preSolution
		Debug|Any CPU = Debug|Any CPU
		Release|Any CPU = Release|Any CPU
	EndGlobalSection
	GlobalSection(ProjectConfigurationPlatforms) = postSolution
		{27F91512-2F5C-4A12-8C9D-5A0BD625681A}.Debug|Any CPU.ActiveCfg = Debug|Any CPU
		{27F91512-2F5C-4A12-8C9D-5A0BD625681A}.Debug|Any CPU.Build.0 = Debug|Any CPU
		{27F91512-2F5C-4A12-8C9D-5A0BD625681A}.Release|Any CPU.ActiveCfg = Release|Any CPU
		{27F91512-2F5C-4A12-8C9D-5A0BD625681A}.Release|Any CPU.Build.0 = Release|Any CPU
		{1FD82CE1-7E26-4752-B97E-F56A8A4FD217}.Debug|Any CPU.ActiveCfg = Debug|Any CPU
		{1FD82CE1-7E26-4752-B97E-F56A8A4FD217}.Debug|Any CPU.Build.0 = Debug|Any CPU
		{1FD82CE1-7E26-4752-B97E-F56A8A4FD217}.Release|Any CPU.ActiveCfg = Release|Any CPU
		{1FD82CE1-7E26-4752-B97E-F56A8A4FD217}.Release|Any CPU.Build.0 = Release|Any CPU
		{5479007A-0A9E-4ECC-83A5-FF8977A651E6}.Debug|Any CPU.ActiveCfg = Debug|Any CPU
		{5479007A-0A9E-4ECC-83A5-FF8977A651E6}.Debug|Any CPU.Build.0 = Debug|Any CPU
		{5479007A-0A9E-4ECC-83A5-FF8977A651E6}.Release|Any CPU.ActiveCfg = Release|Any CPU
		{5479007A-0A9E-4ECC-83A5-FF8977A651E6}.Release|Any CPU.Build.0 = Release|Any CPU
		{9078421D-E494-4776-AC33-C8A2F1591838}.Debug|Any CPU.ActiveCfg = Debug|Any CPU
		{9078421D-E494-4776-AC33-C8A2F1591838}.Debug|Any CPU.Build.0 = Debug|Any CPU
		{9078421D-E494-4776-AC33-C8A2F1591838}.Release|Any CPU.ActiveCfg = Release|Any CPU
		{9078421D-E494-4776-AC33-C8A2F1591838}.Release|Any CPU.Build.0 = Release|Any CPU
	EndGlobalSection
	GlobalSection(SolutionProperties) = preSolution
		HideSolutionNode = FALSE
	EndGlobalSection
	GlobalSection(ExtensibilityGlobals) = postSolution
		SolutionGuid = {7C4C83E7-DB26-472F-AF33-69512CA2551D}
	EndGlobalSection
EndGlobal
